// !$*UTF8*$!
{
	archiveVersion = 1;
	classes = {
	};
	objectVersion = 56;
	objects = {

/* Begin PBXBuildFile section */
		0AD1A768299E9021004B88AA /* PlacesNetworkManager.swift in Sources */ = {isa = PBXBuildFile; fileRef = 0AD1A767299E9021004B88AA /* PlacesNetworkManager.swift */; };
		0AD1A76A299E904D004B88AA /* DecodedPlace.swift in Sources */ = {isa = PBXBuildFile; fileRef = 0AD1A769299E904D004B88AA /* DecodedPlace.swift */; };
		0AD1A770299E9A7C004B88AA /* DecodedEvent.swift in Sources */ = {isa = PBXBuildFile; fileRef = 0AD1A76F299E9A7C004B88AA /* DecodedEvent.swift */; };
		0AD1A777299E9F45004B88AA /* LoginView.swift in Sources */ = {isa = PBXBuildFile; fileRef = 0AD1A776299E9F45004B88AA /* LoginView.swift */; };
		0AD1A779299E9F56004B88AA /* LoginViewModel.swift in Sources */ = {isa = PBXBuildFile; fileRef = 0AD1A778299E9F56004B88AA /* LoginViewModel.swift */; };
		0AD1A786299FC643004B88AA /* CommentDecodedModel.swift in Sources */ = {isa = PBXBuildFile; fileRef = 0AD1A785299FC643004B88AA /* CommentDecodedModel.swift */; };
		0AD1A788299FCC48004B88AA /* LocationManager.swift in Sources */ = {isa = PBXBuildFile; fileRef = 0AD1A787299FCC48004B88AA /* LocationManager.swift */; };
		0AD1A792299FD031004B88AA /* TabBarView.swift in Sources */ = {isa = PBXBuildFile; fileRef = 0AD1A791299FD031004B88AA /* TabBarView.swift */; };
		0AD1A794299FD1AC004B88AA /* TabBarItemView.swift in Sources */ = {isa = PBXBuildFile; fileRef = 0AD1A793299FD1AC004B88AA /* TabBarItemView.swift */; };
		0AD1A796299FD1F2004B88AA /* TabBarItem.swift in Sources */ = {isa = PBXBuildFile; fileRef = 0AD1A795299FD1F2004B88AA /* TabBarItem.swift */; };
		0AD1A79F29A005D3004B88AA /* PlaceView.swift in Sources */ = {isa = PBXBuildFile; fileRef = 0AD1A79E29A005D3004B88AA /* PlaceView.swift */; };
		0F8F39BF29A78EE100FEB670 /* EntryView.swift in Sources */ = {isa = PBXBuildFile; fileRef = 0F8F39BE29A78EE100FEB670 /* EntryView.swift */; };
		0F8F39C129A7908300FEB670 /* LaunchScreen.storyboard in Resources */ = {isa = PBXBuildFile; fileRef = 0F8F39C029A7908300FEB670 /* LaunchScreen.storyboard */; };
		0F8F39C429A797E100FEB670 /* LogoAnimationView.swift in Sources */ = {isa = PBXBuildFile; fileRef = 0F8F39C329A797E100FEB670 /* LogoAnimationView.swift */; };
		0F8F39C629A7980900FEB670 /* AppImages.swift in Sources */ = {isa = PBXBuildFile; fileRef = 0F8F39C529A7980900FEB670 /* AppImages.swift */; };
		0F8F39C929A799EB00FEB670 /* EntryViewModel.swift in Sources */ = {isa = PBXBuildFile; fileRef = 0F8F39C829A799EB00FEB670 /* EntryViewModel.swift */; };
		0FBEDE1C29A7B1B1009F93F7 /* CoreDataModel.xcdatamodeld in Sources */ = {isa = PBXBuildFile; fileRef = 0FBEDE1A29A7B1B1009F93F7 /* CoreDataModel.xcdatamodeld */; };
		0FBEDE2729A7D282009F93F7 /* CoreDataManager.swift in Sources */ = {isa = PBXBuildFile; fileRef = 0FBEDE2629A7D282009F93F7 /* CoreDataManager.swift */; };
		0FBEDE2A29A7D5E9009F93F7 /* CoreDataUser+CoreDataClass.swift in Sources */ = {isa = PBXBuildFile; fileRef = 0FBEDE2829A7D5E9009F93F7 /* CoreDataUser+CoreDataClass.swift */; };
		0FBEDE2B29A7D5E9009F93F7 /* CoreDataUser+CoreDataProperties.swift in Sources */ = {isa = PBXBuildFile; fileRef = 0FBEDE2929A7D5E9009F93F7 /* CoreDataUser+CoreDataProperties.swift */; };
		0FF83D3D299E7BEA00FDB7B1 /* NavigayApp.swift in Sources */ = {isa = PBXBuildFile; fileRef = 0FF83D3C299E7BEA00FDB7B1 /* NavigayApp.swift */; };
		0FF83D41299E7BEB00FDB7B1 /* Assets.xcassets in Resources */ = {isa = PBXBuildFile; fileRef = 0FF83D40299E7BEB00FDB7B1 /* Assets.xcassets */; };
		0FF83D44299E7BEB00FDB7B1 /* Preview Assets.xcassets in Resources */ = {isa = PBXBuildFile; fileRef = 0FF83D43299E7BEB00FDB7B1 /* Preview Assets.xcassets */; };
/* End PBXBuildFile section */

/* Begin PBXFileReference section */
		0AD1A767299E9021004B88AA /* PlacesNetworkManager.swift */ = {isa = PBXFileReference; lastKnownFileType = sourcecode.swift; path = PlacesNetworkManager.swift; sourceTree = "<group>"; };
		0AD1A769299E904D004B88AA /* DecodedPlace.swift */ = {isa = PBXFileReference; lastKnownFileType = sourcecode.swift; path = DecodedPlace.swift; sourceTree = "<group>"; };
		0AD1A76F299E9A7C004B88AA /* DecodedEvent.swift */ = {isa = PBXFileReference; lastKnownFileType = sourcecode.swift; path = DecodedEvent.swift; sourceTree = "<group>"; };
		0AD1A776299E9F45004B88AA /* LoginView.swift */ = {isa = PBXFileReference; lastKnownFileType = sourcecode.swift; path = LoginView.swift; sourceTree = "<group>"; };
		0AD1A778299E9F56004B88AA /* LoginViewModel.swift */ = {isa = PBXFileReference; lastKnownFileType = sourcecode.swift; path = LoginViewModel.swift; sourceTree = "<group>"; };
		0AD1A785299FC643004B88AA /* CommentDecodedModel.swift */ = {isa = PBXFileReference; lastKnownFileType = sourcecode.swift; path = CommentDecodedModel.swift; sourceTree = "<group>"; };
		0AD1A787299FCC48004B88AA /* LocationManager.swift */ = {isa = PBXFileReference; lastKnownFileType = sourcecode.swift; path = LocationManager.swift; sourceTree = "<group>"; };
		0AD1A791299FD031004B88AA /* TabBarView.swift */ = {isa = PBXFileReference; lastKnownFileType = sourcecode.swift; path = TabBarView.swift; sourceTree = "<group>"; };
		0AD1A793299FD1AC004B88AA /* TabBarItemView.swift */ = {isa = PBXFileReference; lastKnownFileType = sourcecode.swift; path = TabBarItemView.swift; sourceTree = "<group>"; };
		0AD1A795299FD1F2004B88AA /* TabBarItem.swift */ = {isa = PBXFileReference; lastKnownFileType = sourcecode.swift; path = TabBarItem.swift; sourceTree = "<group>"; };
		0AD1A79E29A005D3004B88AA /* PlaceView.swift */ = {isa = PBXFileReference; lastKnownFileType = sourcecode.swift; path = PlaceView.swift; sourceTree = "<group>"; };
		0F8F39BE29A78EE100FEB670 /* EntryView.swift */ = {isa = PBXFileReference; lastKnownFileType = sourcecode.swift; path = EntryView.swift; sourceTree = "<group>"; };
		0F8F39C029A7908300FEB670 /* LaunchScreen.storyboard */ = {isa = PBXFileReference; lastKnownFileType = file.storyboard; path = LaunchScreen.storyboard; sourceTree = "<group>"; };
		0F8F39C329A797E100FEB670 /* LogoAnimationView.swift */ = {isa = PBXFileReference; lastKnownFileType = sourcecode.swift; path = LogoAnimationView.swift; sourceTree = "<group>"; };
		0F8F39C529A7980900FEB670 /* AppImages.swift */ = {isa = PBXFileReference; lastKnownFileType = sourcecode.swift; path = AppImages.swift; sourceTree = "<group>"; };
		0F8F39C829A799EB00FEB670 /* EntryViewModel.swift */ = {isa = PBXFileReference; lastKnownFileType = sourcecode.swift; path = EntryViewModel.swift; sourceTree = "<group>"; };
		0FBEDE1B29A7B1B1009F93F7 /* CoreDataModel.xcdatamodel */ = {isa = PBXFileReference; lastKnownFileType = wrapper.xcdatamodel; path = CoreDataModel.xcdatamodel; sourceTree = "<group>"; };
		0FBEDE2629A7D282009F93F7 /* CoreDataManager.swift */ = {isa = PBXFileReference; lastKnownFileType = sourcecode.swift; path = CoreDataManager.swift; sourceTree = "<group>"; };
		0FBEDE2829A7D5E9009F93F7 /* CoreDataUser+CoreDataClass.swift */ = {isa = PBXFileReference; lastKnownFileType = sourcecode.swift; path = "CoreDataUser+CoreDataClass.swift"; sourceTree = "<group>"; };
		0FBEDE2929A7D5E9009F93F7 /* CoreDataUser+CoreDataProperties.swift */ = {isa = PBXFileReference; lastKnownFileType = sourcecode.swift; path = "CoreDataUser+CoreDataProperties.swift"; sourceTree = "<group>"; };
		0FF83D39299E7BEA00FDB7B1 /* Navigay.app */ = {isa = PBXFileReference; explicitFileType = wrapper.application; includeInIndex = 0; path = Navigay.app; sourceTree = BUILT_PRODUCTS_DIR; };
		0FF83D3C299E7BEA00FDB7B1 /* NavigayApp.swift */ = {isa = PBXFileReference; lastKnownFileType = sourcecode.swift; path = NavigayApp.swift; sourceTree = "<group>"; };
		0FF83D40299E7BEB00FDB7B1 /* Assets.xcassets */ = {isa = PBXFileReference; lastKnownFileType = folder.assetcatalog; path = Assets.xcassets; sourceTree = "<group>"; };
		0FF83D43299E7BEB00FDB7B1 /* Preview Assets.xcassets */ = {isa = PBXFileReference; lastKnownFileType = folder.assetcatalog; path = "Preview Assets.xcassets"; sourceTree = "<group>"; };
/* End PBXFileReference section */

/* Begin PBXFrameworksBuildPhase section */
		0FF83D36299E7BEA00FDB7B1 /* Frameworks */ = {
			isa = PBXFrameworksBuildPhase;
			buildActionMask = 2147483647;
			files = (
			);
			runOnlyForDeploymentPostprocessing = 0;
		};
/* End PBXFrameworksBuildPhase section */

/* Begin PBXGroup section */
		0A1A845829A788CC00ACB4B8 /* Login */ = {
			isa = PBXGroup;
			children = (
				0AD1A775299E9F1A004B88AA /* Model */,
				0AD1A774299E9F0C004B88AA /* ViewModel */,
				0AD1A773299E9F05004B88AA /* View */,
			);
			path = Login;
			sourceTree = "<group>";
		};
		0A1A845929A7891500ACB4B8 /* Registration */ = {
			isa = PBXGroup;
			children = (
			);
			path = Registration;
			sourceTree = "<group>";
		};
		0AD1A765299E8FDB004B88AA /* Managers */ = {
			isa = PBXGroup;
			children = (
				0FBEDE1029A7AC4E009F93F7 /* CoreDataManager */,
				0AD1A783299FC53F004B88AA /* Location */,
				0AD1A766299E8FE3004B88AA /* Network */,
			);
			path = Managers;
			sourceTree = "<group>";
		};
		0AD1A766299E8FE3004B88AA /* Network */ = {
			isa = PBXGroup;
			children = (
				0AD1A784299FC55A004B88AA /* Model */,
				0AD1A767299E9021004B88AA /* PlacesNetworkManager.swift */,
			);
			path = Network;
			sourceTree = "<group>";
		};
		0AD1A771299E9EF0004B88AA /* Flows */ = {
			isa = PBXGroup;
			children = (
				0F8F39BA29A78EA400FEB670 /* EntryFlow */,
				0AD1A772299E9EFB004B88AA /* AutentificationFlow */,
				0AD1A789299FCE9B004B88AA /* TabBarFlow */,
			);
			path = Flows;
			sourceTree = "<group>";
		};
		0AD1A772299E9EFB004B88AA /* AutentificationFlow */ = {
			isa = PBXGroup;
			children = (
				0A1A845829A788CC00ACB4B8 /* Login */,
				0A1A845929A7891500ACB4B8 /* Registration */,
			);
			path = AutentificationFlow;
			sourceTree = "<group>";
		};
		0AD1A773299E9F05004B88AA /* View */ = {
			isa = PBXGroup;
			children = (
				0AD1A776299E9F45004B88AA /* LoginView.swift */,
			);
			path = View;
			sourceTree = "<group>";
		};
		0AD1A774299E9F0C004B88AA /* ViewModel */ = {
			isa = PBXGroup;
			children = (
				0AD1A778299E9F56004B88AA /* LoginViewModel.swift */,
			);
			path = ViewModel;
			sourceTree = "<group>";
		};
		0AD1A775299E9F1A004B88AA /* Model */ = {
			isa = PBXGroup;
			children = (
			);
			path = Model;
			sourceTree = "<group>";
		};
		0AD1A783299FC53F004B88AA /* Location */ = {
			isa = PBXGroup;
			children = (
				0AD1A787299FCC48004B88AA /* LocationManager.swift */,
			);
			path = Location;
			sourceTree = "<group>";
		};
		0AD1A784299FC55A004B88AA /* Model */ = {
			isa = PBXGroup;
			children = (
				0AD1A769299E904D004B88AA /* DecodedPlace.swift */,
				0AD1A76F299E9A7C004B88AA /* DecodedEvent.swift */,
				0AD1A785299FC643004B88AA /* CommentDecodedModel.swift */,
			);
			path = Model;
			sourceTree = "<group>";
		};
		0AD1A789299FCE9B004B88AA /* TabBarFlow */ = {
			isa = PBXGroup;
			children = (
				0AD1A78C299FCEFC004B88AA /* TabBar */,
				0AD1A78F299FCFA9004B88AA /* Catalog */,
				0AD1A78A299FCEB8004B88AA /* Map */,
				0AD1A78B299FCED1004B88AA /* Calendar */,
				0AD1A7A129A00606004B88AA /* Add */,
				0AD1A790299FCFCF004B88AA /* Settings */,
				0AD1A79929A0054B004B88AA /* Place */,
				0AD1A79A29A0055F004B88AA /* Event */,
			);
			path = TabBarFlow;
			sourceTree = "<group>";
		};
		0AD1A78A299FCEB8004B88AA /* Map */ = {
			isa = PBXGroup;
			children = (
			);
			path = Map;
			sourceTree = "<group>";
		};
		0AD1A78B299FCED1004B88AA /* Calendar */ = {
			isa = PBXGroup;
			children = (
			);
			path = Calendar;
			sourceTree = "<group>";
		};
		0AD1A78C299FCEFC004B88AA /* TabBar */ = {
			isa = PBXGroup;
			children = (
				0AD1A797299FD28B004B88AA /* Model */,
				0AD1A798299FD293004B88AA /* View */,
			);
			path = TabBar;
			sourceTree = "<group>";
		};
		0AD1A78D299FCF0B004B88AA /* AddParty */ = {
			isa = PBXGroup;
			children = (
			);
			path = AddParty;
			sourceTree = "<group>";
		};
		0AD1A78E299FCF50004B88AA /* AddPlace */ = {
			isa = PBXGroup;
			children = (
			);
			path = AddPlace;
			sourceTree = "<group>";
		};
		0AD1A78F299FCFA9004B88AA /* Catalog */ = {
			isa = PBXGroup;
			children = (
			);
			path = Catalog;
			sourceTree = "<group>";
		};
		0AD1A790299FCFCF004B88AA /* Settings */ = {
			isa = PBXGroup;
			children = (
				0AD1A79B29A00593004B88AA /* View */,
			);
			path = Settings;
			sourceTree = "<group>";
		};
		0AD1A797299FD28B004B88AA /* Model */ = {
			isa = PBXGroup;
			children = (
				0AD1A795299FD1F2004B88AA /* TabBarItem.swift */,
			);
			path = Model;
			sourceTree = "<group>";
		};
		0AD1A798299FD293004B88AA /* View */ = {
			isa = PBXGroup;
			children = (
				0AD1A791299FD031004B88AA /* TabBarView.swift */,
				0AD1A793299FD1AC004B88AA /* TabBarItemView.swift */,
			);
			path = View;
			sourceTree = "<group>";
		};
		0AD1A79929A0054B004B88AA /* Place */ = {
			isa = PBXGroup;
			children = (
				0AD1A7A029A005DE004B88AA /* Model */,
				0AD1A79D29A005A2004B88AA /* ViewModel */,
				0AD1A79C29A0059C004B88AA /* View */,
			);
			path = Place;
			sourceTree = "<group>";
		};
		0AD1A79A29A0055F004B88AA /* Event */ = {
			isa = PBXGroup;
			children = (
			);
			path = Event;
			sourceTree = "<group>";
		};
		0AD1A79B29A00593004B88AA /* View */ = {
			isa = PBXGroup;
			children = (
			);
			path = View;
			sourceTree = "<group>";
		};
		0AD1A79C29A0059C004B88AA /* View */ = {
			isa = PBXGroup;
			children = (
				0AD1A79E29A005D3004B88AA /* PlaceView.swift */,
			);
			path = View;
			sourceTree = "<group>";
		};
		0AD1A79D29A005A2004B88AA /* ViewModel */ = {
			isa = PBXGroup;
			children = (
			);
			path = ViewModel;
			sourceTree = "<group>";
		};
		0AD1A7A029A005DE004B88AA /* Model */ = {
			isa = PBXGroup;
			children = (
			);
			path = Model;
			sourceTree = "<group>";
		};
		0AD1A7A129A00606004B88AA /* Add */ = {
			isa = PBXGroup;
			children = (
				0AD1A78E299FCF50004B88AA /* AddPlace */,
				0AD1A78D299FCF0B004B88AA /* AddParty */,
			);
			path = Add;
			sourceTree = "<group>";
		};
		0F8F39BA29A78EA400FEB670 /* EntryFlow */ = {
			isa = PBXGroup;
			children = (
				0F8F39C729A799D900FEB670 /* ViewModel */,
				0F8F39BB29A78EB000FEB670 /* View */,
			);
			path = EntryFlow;
			sourceTree = "<group>";
		};
		0F8F39BB29A78EB000FEB670 /* View */ = {
			isa = PBXGroup;
			children = (
				0F8F39BE29A78EE100FEB670 /* EntryView.swift */,
				0F8F39C229A797C000FEB670 /* Animation */,
			);
			path = View;
			sourceTree = "<group>";
		};
		0F8F39C229A797C000FEB670 /* Animation */ = {
			isa = PBXGroup;
			children = (
				0F8F39C329A797E100FEB670 /* LogoAnimationView.swift */,
			);
			path = Animation;
			sourceTree = "<group>";
		};
		0F8F39C729A799D900FEB670 /* ViewModel */ = {
			isa = PBXGroup;
			children = (
				0F8F39C829A799EB00FEB670 /* EntryViewModel.swift */,
			);
			path = ViewModel;
			sourceTree = "<group>";
		};
		0FBEDE1029A7AC4E009F93F7 /* CoreDataManager */ = {
			isa = PBXGroup;
			children = (
				0FBEDE1A29A7B1B1009F93F7 /* CoreDataModel.xcdatamodeld */,
				0FBEDE2629A7D282009F93F7 /* CoreDataManager.swift */,
			);
			path = CoreDataManager;
			sourceTree = "<group>";
		};
		0FBEDE1D29A7C2A7009F93F7 /* Helpers */ = {
			isa = PBXGroup;
			children = (
				0F8F39C529A7980900FEB670 /* AppImages.swift */,
			);
			path = Helpers;
			sourceTree = "<group>";
		};
		0FF83D30299E7BEA00FDB7B1 = {
			isa = PBXGroup;
			children = (
				0FBEDE2829A7D5E9009F93F7 /* CoreDataUser+CoreDataClass.swift */,
				0FBEDE2929A7D5E9009F93F7 /* CoreDataUser+CoreDataProperties.swift */,
				0FF83D3B299E7BEA00FDB7B1 /* Navigay */,
				0FF83D3A299E7BEA00FDB7B1 /* Products */,
			);
			sourceTree = "<group>";
		};
		0FF83D3A299E7BEA00FDB7B1 /* Products */ = {
			isa = PBXGroup;
			children = (
				0FF83D39299E7BEA00FDB7B1 /* Navigay.app */,
			);
			name = Products;
			sourceTree = "<group>";
		};
		0FF83D3B299E7BEA00FDB7B1 /* Navigay */ = {
			isa = PBXGroup;
			children = (
				0FF83D3C299E7BEA00FDB7B1 /* NavigayApp.swift */,
				0AD1A765299E8FDB004B88AA /* Managers */,
				0AD1A771299E9EF0004B88AA /* Flows */,
				0FBEDE1D29A7C2A7009F93F7 /* Helpers */,
				0FF83D40299E7BEB00FDB7B1 /* Assets.xcassets */,
				0F8F39C029A7908300FEB670 /* LaunchScreen.storyboard */,
				0FF83D42299E7BEB00FDB7B1 /* Preview Content */,
			);
			path = Navigay;
			sourceTree = "<group>";
		};
		0FF83D42299E7BEB00FDB7B1 /* Preview Content */ = {
			isa = PBXGroup;
			children = (
				0FF83D43299E7BEB00FDB7B1 /* Preview Assets.xcassets */,
			);
			path = "Preview Content";
			sourceTree = "<group>";
		};
/* End PBXGroup section */

/* Begin PBXNativeTarget section */
		0FF83D38299E7BEA00FDB7B1 /* Navigay */ = {
			isa = PBXNativeTarget;
			buildConfigurationList = 0FF83D4C299E7BEB00FDB7B1 /* Build configuration list for PBXNativeTarget "Navigay" */;
			buildPhases = (
				0FF83D35299E7BEA00FDB7B1 /* Sources */,
				0FF83D36299E7BEA00FDB7B1 /* Frameworks */,
				0FF83D37299E7BEA00FDB7B1 /* Resources */,
			);
			buildRules = (
			);
			dependencies = (
			);
			name = Navigay;
			productName = Navigay;
			productReference = 0FF83D39299E7BEA00FDB7B1 /* Navigay.app */;
			productType = "com.apple.product-type.application";
		};
/* End PBXNativeTarget section */

/* Begin PBXProject section */
		0FF83D31299E7BEA00FDB7B1 /* Project object */ = {
			isa = PBXProject;
			attributes = {
				BuildIndependentTargetsInParallel = 1;
				LastSwiftUpdateCheck = 1420;
				LastUpgradeCheck = 1420;
				TargetAttributes = {
					0FF83D38299E7BEA00FDB7B1 = {
						CreatedOnToolsVersion = 14.2;
					};
				};
			};
			buildConfigurationList = 0FF83D34299E7BEA00FDB7B1 /* Build configuration list for PBXProject "Navigay" */;
			compatibilityVersion = "Xcode 14.0";
			developmentRegion = en;
			hasScannedForEncodings = 0;
			knownRegions = (
				en,
				Base,
			);
			mainGroup = 0FF83D30299E7BEA00FDB7B1;
			productRefGroup = 0FF83D3A299E7BEA00FDB7B1 /* Products */;
			projectDirPath = "";
			projectRoot = "";
			targets = (
				0FF83D38299E7BEA00FDB7B1 /* Navigay */,
			);
		};
/* End PBXProject section */

/* Begin PBXResourcesBuildPhase section */
		0FF83D37299E7BEA00FDB7B1 /* Resources */ = {
			isa = PBXResourcesBuildPhase;
			buildActionMask = 2147483647;
			files = (
				0F8F39C129A7908300FEB670 /* LaunchScreen.storyboard in Resources */,
				0FF83D44299E7BEB00FDB7B1 /* Preview Assets.xcassets in Resources */,
				0FF83D41299E7BEB00FDB7B1 /* Assets.xcassets in Resources */,
			);
			runOnlyForDeploymentPostprocessing = 0;
		};
/* End PBXResourcesBuildPhase section */

/* Begin PBXSourcesBuildPhase section */
		0FF83D35299E7BEA00FDB7B1 /* Sources */ = {
			isa = PBXSourcesBuildPhase;
			buildActionMask = 2147483647;
			files = (
				0F8F39C929A799EB00FEB670 /* EntryViewModel.swift in Sources */,
				0AD1A76A299E904D004B88AA /* DecodedPlace.swift in Sources */,
				0F8F39C629A7980900FEB670 /* AppImages.swift in Sources */,
				0AD1A786299FC643004B88AA /* CommentDecodedModel.swift in Sources */,
				0AD1A770299E9A7C004B88AA /* DecodedEvent.swift in Sources */,
				0AD1A794299FD1AC004B88AA /* TabBarItemView.swift in Sources */,
				0FBEDE2729A7D282009F93F7 /* CoreDataManager.swift in Sources */,
				0FF83D3D299E7BEA00FDB7B1 /* NavigayApp.swift in Sources */,
				0F8F39BF29A78EE100FEB670 /* EntryView.swift in Sources */,
				0AD1A768299E9021004B88AA /* PlacesNetworkManager.swift in Sources */,
				0AD1A796299FD1F2004B88AA /* TabBarItem.swift in Sources */,
				0F8F39C429A797E100FEB670 /* LogoAnimationView.swift in Sources */,
				0AD1A779299E9F56004B88AA /* LoginViewModel.swift in Sources */,
				0FBEDE1C29A7B1B1009F93F7 /* CoreDataModel.xcdatamodeld in Sources */,
				0AD1A79F29A005D3004B88AA /* PlaceView.swift in Sources */,
				0AD1A788299FCC48004B88AA /* LocationManager.swift in Sources */,
				0FBEDE2B29A7D5E9009F93F7 /* CoreDataUser+CoreDataProperties.swift in Sources */,
				0AD1A777299E9F45004B88AA /* LoginView.swift in Sources */,
				0FBEDE2A29A7D5E9009F93F7 /* CoreDataUser+CoreDataClass.swift in Sources */,
				0AD1A792299FD031004B88AA /* TabBarView.swift in Sources */,
			);
			runOnlyForDeploymentPostprocessing = 0;
		};
/* End PBXSourcesBuildPhase section */

/* Begin XCBuildConfiguration section */
		0FF83D4A299E7BEB00FDB7B1 /* Debug */ = {
			isa = XCBuildConfiguration;
			buildSettings = {
				ALWAYS_SEARCH_USER_PATHS = NO;
				CLANG_ANALYZER_NONNULL = YES;
				CLANG_ANALYZER_NUMBER_OBJECT_CONVERSION = YES_AGGRESSIVE;
				CLANG_CXX_LANGUAGE_STANDARD = "gnu++20";
				CLANG_ENABLE_MODULES = YES;
				CLANG_ENABLE_OBJC_ARC = YES;
				CLANG_ENABLE_OBJC_WEAK = YES;
				CLANG_WARN_BLOCK_CAPTURE_AUTORELEASING = YES;
				CLANG_WARN_BOOL_CONVERSION = YES;
				CLANG_WARN_COMMA = YES;
				CLANG_WARN_CONSTANT_CONVERSION = YES;
				CLANG_WARN_DEPRECATED_OBJC_IMPLEMENTATIONS = YES;
				CLANG_WARN_DIRECT_OBJC_ISA_USAGE = YES_ERROR;
				CLANG_WARN_DOCUMENTATION_COMMENTS = YES;
				CLANG_WARN_EMPTY_BODY = YES;
				CLANG_WARN_ENUM_CONVERSION = YES;
				CLANG_WARN_INFINITE_RECURSION = YES;
				CLANG_WARN_INT_CONVERSION = YES;
				CLANG_WARN_NON_LITERAL_NULL_CONVERSION = YES;
				CLANG_WARN_OBJC_IMPLICIT_RETAIN_SELF = YES;
				CLANG_WARN_OBJC_LITERAL_CONVERSION = YES;
				CLANG_WARN_OBJC_ROOT_CLASS = YES_ERROR;
				CLANG_WARN_QUOTED_INCLUDE_IN_FRAMEWORK_HEADER = YES;
				CLANG_WARN_RANGE_LOOP_ANALYSIS = YES;
				CLANG_WARN_STRICT_PROTOTYPES = YES;
				CLANG_WARN_SUSPICIOUS_MOVE = YES;
				CLANG_WARN_UNGUARDED_AVAILABILITY = YES_AGGRESSIVE;
				CLANG_WARN_UNREACHABLE_CODE = YES;
				CLANG_WARN__DUPLICATE_METHOD_MATCH = YES;
				COPY_PHASE_STRIP = NO;
				DEBUG_INFORMATION_FORMAT = dwarf;
				ENABLE_STRICT_OBJC_MSGSEND = YES;
				ENABLE_TESTABILITY = YES;
				GCC_C_LANGUAGE_STANDARD = gnu11;
				GCC_DYNAMIC_NO_PIC = NO;
				GCC_NO_COMMON_BLOCKS = YES;
				GCC_OPTIMIZATION_LEVEL = 0;
				GCC_PREPROCESSOR_DEFINITIONS = (
					"DEBUG=1",
					"$(inherited)",
				);
				GCC_WARN_64_TO_32_BIT_CONVERSION = YES;
				GCC_WARN_ABOUT_RETURN_TYPE = YES_ERROR;
				GCC_WARN_UNDECLARED_SELECTOR = YES;
				GCC_WARN_UNINITIALIZED_AUTOS = YES_AGGRESSIVE;
				GCC_WARN_UNUSED_FUNCTION = YES;
				GCC_WARN_UNUSED_VARIABLE = YES;
				IPHONEOS_DEPLOYMENT_TARGET = 16.2;
				MTL_ENABLE_DEBUG_INFO = INCLUDE_SOURCE;
				MTL_FAST_MATH = YES;
				ONLY_ACTIVE_ARCH = YES;
				SDKROOT = iphoneos;
				SWIFT_ACTIVE_COMPILATION_CONDITIONS = DEBUG;
				SWIFT_OPTIMIZATION_LEVEL = "-Onone";
			};
			name = Debug;
		};
		0FF83D4B299E7BEB00FDB7B1 /* Release */ = {
			isa = XCBuildConfiguration;
			buildSettings = {
				ALWAYS_SEARCH_USER_PATHS = NO;
				CLANG_ANALYZER_NONNULL = YES;
				CLANG_ANALYZER_NUMBER_OBJECT_CONVERSION = YES_AGGRESSIVE;
				CLANG_CXX_LANGUAGE_STANDARD = "gnu++20";
				CLANG_ENABLE_MODULES = YES;
				CLANG_ENABLE_OBJC_ARC = YES;
				CLANG_ENABLE_OBJC_WEAK = YES;
				CLANG_WARN_BLOCK_CAPTURE_AUTORELEASING = YES;
				CLANG_WARN_BOOL_CONVERSION = YES;
				CLANG_WARN_COMMA = YES;
				CLANG_WARN_CONSTANT_CONVERSION = YES;
				CLANG_WARN_DEPRECATED_OBJC_IMPLEMENTATIONS = YES;
				CLANG_WARN_DIRECT_OBJC_ISA_USAGE = YES_ERROR;
				CLANG_WARN_DOCUMENTATION_COMMENTS = YES;
				CLANG_WARN_EMPTY_BODY = YES;
				CLANG_WARN_ENUM_CONVERSION = YES;
				CLANG_WARN_INFINITE_RECURSION = YES;
				CLANG_WARN_INT_CONVERSION = YES;
				CLANG_WARN_NON_LITERAL_NULL_CONVERSION = YES;
				CLANG_WARN_OBJC_IMPLICIT_RETAIN_SELF = YES;
				CLANG_WARN_OBJC_LITERAL_CONVERSION = YES;
				CLANG_WARN_OBJC_ROOT_CLASS = YES_ERROR;
				CLANG_WARN_QUOTED_INCLUDE_IN_FRAMEWORK_HEADER = YES;
				CLANG_WARN_RANGE_LOOP_ANALYSIS = YES;
				CLANG_WARN_STRICT_PROTOTYPES = YES;
				CLANG_WARN_SUSPICIOUS_MOVE = YES;
				CLANG_WARN_UNGUARDED_AVAILABILITY = YES_AGGRESSIVE;
				CLANG_WARN_UNREACHABLE_CODE = YES;
				CLANG_WARN__DUPLICATE_METHOD_MATCH = YES;
				COPY_PHASE_STRIP = NO;
				DEBUG_INFORMATION_FORMAT = "dwarf-with-dsym";
				ENABLE_NS_ASSERTIONS = NO;
				ENABLE_STRICT_OBJC_MSGSEND = YES;
				GCC_C_LANGUAGE_STANDARD = gnu11;
				GCC_NO_COMMON_BLOCKS = YES;
				GCC_WARN_64_TO_32_BIT_CONVERSION = YES;
				GCC_WARN_ABOUT_RETURN_TYPE = YES_ERROR;
				GCC_WARN_UNDECLARED_SELECTOR = YES;
				GCC_WARN_UNINITIALIZED_AUTOS = YES_AGGRESSIVE;
				GCC_WARN_UNUSED_FUNCTION = YES;
				GCC_WARN_UNUSED_VARIABLE = YES;
				IPHONEOS_DEPLOYMENT_TARGET = 16.2;
				MTL_ENABLE_DEBUG_INFO = NO;
				MTL_FAST_MATH = YES;
				SDKROOT = iphoneos;
				SWIFT_COMPILATION_MODE = wholemodule;
				SWIFT_OPTIMIZATION_LEVEL = "-O";
				VALIDATE_PRODUCT = YES;
			};
			name = Release;
		};
		0FF83D4D299E7BEB00FDB7B1 /* Debug */ = {
			isa = XCBuildConfiguration;
			buildSettings = {
				ASSETCATALOG_COMPILER_APPICON_NAME = AppIcon;
				ASSETCATALOG_COMPILER_GLOBAL_ACCENT_COLOR_NAME = AccentColor;
				CODE_SIGN_STYLE = Automatic;
				CURRENT_PROJECT_VERSION = 1;
				DEVELOPMENT_ASSET_PATHS = "\"Navigay/Preview Content\"";
				DEVELOPMENT_TEAM = SK7334S258;
				ENABLE_PREVIEWS = YES;
				GENERATE_INFOPLIST_FILE = YES;
				INFOPLIST_KEY_UIApplicationSceneManifest_Generation = YES;
				INFOPLIST_KEY_UIApplicationSupportsIndirectInputEvents = YES;
				INFOPLIST_KEY_UILaunchScreen_Generation = YES;
				INFOPLIST_KEY_UILaunchStoryboardName = LaunchScreen.storyboard;
				INFOPLIST_KEY_UISupportedInterfaceOrientations_iPad = "UIInterfaceOrientationPortrait UIInterfaceOrientationPortraitUpsideDown UIInterfaceOrientationLandscapeLeft UIInterfaceOrientationLandscapeRight";
				INFOPLIST_KEY_UISupportedInterfaceOrientations_iPhone = "UIInterfaceOrientationPortrait UIInterfaceOrientationLandscapeLeft UIInterfaceOrientationLandscapeRight";
				LD_RUNPATH_SEARCH_PATHS = (
					"$(inherited)",
					"@executable_path/Frameworks",
				);
				MARKETING_VERSION = 1.0;
				PRODUCT_BUNDLE_IDENTIFIER = Zasenko.Navigay;
				PRODUCT_NAME = "$(TARGET_NAME)";
				SWIFT_EMIT_LOC_STRINGS = YES;
				SWIFT_VERSION = 5.0;
				TARGETED_DEVICE_FAMILY = "1,2";
			};
			name = Debug;
		};
		0FF83D4E299E7BEB00FDB7B1 /* Release */ = {
			isa = XCBuildConfiguration;
			buildSettings = {
				ASSETCATALOG_COMPILER_APPICON_NAME = AppIcon;
				ASSETCATALOG_COMPILER_GLOBAL_ACCENT_COLOR_NAME = AccentColor;
				CODE_SIGN_STYLE = Automatic;
				CURRENT_PROJECT_VERSION = 1;
				DEVELOPMENT_ASSET_PATHS = "\"Navigay/Preview Content\"";
				DEVELOPMENT_TEAM = SK7334S258;
				ENABLE_PREVIEWS = YES;
				GENERATE_INFOPLIST_FILE = YES;
				INFOPLIST_KEY_UIApplicationSceneManifest_Generation = YES;
				INFOPLIST_KEY_UIApplicationSupportsIndirectInputEvents = YES;
				INFOPLIST_KEY_UILaunchScreen_Generation = YES;
				INFOPLIST_KEY_UILaunchStoryboardName = LaunchScreen.storyboard;
				INFOPLIST_KEY_UISupportedInterfaceOrientations_iPad = "UIInterfaceOrientationPortrait UIInterfaceOrientationPortraitUpsideDown UIInterfaceOrientationLandscapeLeft UIInterfaceOrientationLandscapeRight";
				INFOPLIST_KEY_UISupportedInterfaceOrientations_iPhone = "UIInterfaceOrientationPortrait UIInterfaceOrientationLandscapeLeft UIInterfaceOrientationLandscapeRight";
				LD_RUNPATH_SEARCH_PATHS = (
					"$(inherited)",
					"@executable_path/Frameworks",
				);
				MARKETING_VERSION = 1.0;
				PRODUCT_BUNDLE_IDENTIFIER = Zasenko.Navigay;
				PRODUCT_NAME = "$(TARGET_NAME)";
				SWIFT_EMIT_LOC_STRINGS = YES;
				SWIFT_VERSION = 5.0;
				TARGETED_DEVICE_FAMILY = "1,2";
			};
			name = Release;
		};
/* End XCBuildConfiguration section */

/* Begin XCConfigurationList section */
		0FF83D34299E7BEA00FDB7B1 /* Build configuration list for PBXProject "Navigay" */ = {
			isa = XCConfigurationList;
			buildConfigurations = (
				0FF83D4A299E7BEB00FDB7B1 /* Debug */,
				0FF83D4B299E7BEB00FDB7B1 /* Release */,
			);
			defaultConfigurationIsVisible = 0;
			defaultConfigurationName = Release;
		};
		0FF83D4C299E7BEB00FDB7B1 /* Build configuration list for PBXNativeTarget "Navigay" */ = {
			isa = XCConfigurationList;
			buildConfigurations = (
				0FF83D4D299E7BEB00FDB7B1 /* Debug */,
				0FF83D4E299E7BEB00FDB7B1 /* Release */,
			);
			defaultConfigurationIsVisible = 0;
			defaultConfigurationName = Release;
		};
/* End XCConfigurationList section */

/* Begin XCVersionGroup section */
		0FBEDE1A29A7B1B1009F93F7 /* CoreDataModel.xcdatamodeld */ = {
			isa = XCVersionGroup;
			children = (
				0FBEDE1B29A7B1B1009F93F7 /* CoreDataModel.xcdatamodel */,
			);
			currentVersion = 0FBEDE1B29A7B1B1009F93F7 /* CoreDataModel.xcdatamodel */;
			path = CoreDataModel.xcdatamodeld;
			sourceTree = "<group>";
			versionGroupType = wrapper.xcdatamodel;
		};
/* End XCVersionGroup section */
	};
	rootObject = 0FF83D31299E7BEA00FDB7B1 /* Project object */;
}
